// !$*UTF8*$!
{
	archiveVersion = 1;
	classes = {
	};
	objectVersion = 56;
	objects = {

/* Begin PBXBuildFile section */
		7AD83A4F28F46B3D001CDE2D /* AppDelegate.swift in Sources */ = {isa = PBXBuildFile; fileRef = 7AD83A4E28F46B3D001CDE2D /* AppDelegate.swift */; };
		7AD83A5128F46B3D001CDE2D /* SceneDelegate.swift in Sources */ = {isa = PBXBuildFile; fileRef = 7AD83A5028F46B3D001CDE2D /* SceneDelegate.swift */; };
		7AD83A5328F46B3D001CDE2D /* ViewController.swift in Sources */ = {isa = PBXBuildFile; fileRef = 7AD83A5228F46B3D001CDE2D /* ViewController.swift */; };
		7AD83A5628F46B3D001CDE2D /* Main.storyboard in Resources */ = {isa = PBXBuildFile; fileRef = 7AD83A5428F46B3D001CDE2D /* Main.storyboard */; };
		7AD83A5828F46B3F001CDE2D /* Assets.xcassets in Resources */ = {isa = PBXBuildFile; fileRef = 7AD83A5728F46B3F001CDE2D /* Assets.xcassets */; };
		7AD83A5B28F46B3F001CDE2D /* LaunchScreen.storyboard in Resources */ = {isa = PBXBuildFile; fileRef = 7AD83A5928F46B3F001CDE2D /* LaunchScreen.storyboard */; };
		7AD83A6328F4718D001CDE2D /* Playlist.swift in Sources */ = {isa = PBXBuildFile; fileRef = 7AD83A6228F4718D001CDE2D /* Playlist.swift */; };
		7AD83A6528F471B9001CDE2D /* Albums.swift in Sources */ = {isa = PBXBuildFile; fileRef = 7AD83A6428F471B9001CDE2D /* Albums.swift */; };
		7AD83A6B28F472D1001CDE2D /* PlaylistCollectionViewCell.swift in Sources */ = {isa = PBXBuildFile; fileRef = 7AD83A6928F472D1001CDE2D /* PlaylistCollectionViewCell.swift */; };
		7AD83A6C28F472D1001CDE2D /* PlaylistCollectionViewCell.xib in Resources */ = {isa = PBXBuildFile; fileRef = 7AD83A6A28F472D1001CDE2D /* PlaylistCollectionViewCell.xib */; };
		7AD83A6F28F472F5001CDE2D /* AlbumsCollectionViewCell.swift in Sources */ = {isa = PBXBuildFile; fileRef = 7AD83A6D28F472F5001CDE2D /* AlbumsCollectionViewCell.swift */; };
		7AD83A7028F472F5001CDE2D /* AlbumsCollectionViewCell.xib in Resources */ = {isa = PBXBuildFile; fileRef = 7AD83A6E28F472F5001CDE2D /* AlbumsCollectionViewCell.xib */; };
		7AD83A7728F473AD001CDE2D /* SectionTitle.swift in Sources */ = {isa = PBXBuildFile; fileRef = 7AD83A7528F473AD001CDE2D /* SectionTitle.swift */; };
		7AD83A7828F473AD001CDE2D /* SectionTitle.xib in Resources */ = {isa = PBXBuildFile; fileRef = 7AD83A7628F473AD001CDE2D /* SectionTitle.xib */; };
/* End PBXBuildFile section */

/* Begin PBXFileReference section */
		7AD83A4B28F46B3D001CDE2D /* SpotifyMainPage.app */ = {isa = PBXFileReference; explicitFileType = wrapper.application; includeInIndex = 0; path = SpotifyMainPage.app; sourceTree = BUILT_PRODUCTS_DIR; };
		7AD83A4E28F46B3D001CDE2D /* AppDelegate.swift */ = {isa = PBXFileReference; lastKnownFileType = sourcecode.swift; path = AppDelegate.swift; sourceTree = "<group>"; };
		7AD83A5028F46B3D001CDE2D /* SceneDelegate.swift */ = {isa = PBXFileReference; lastKnownFileType = sourcecode.swift; path = SceneDelegate.swift; sourceTree = "<group>"; };
		7AD83A5228F46B3D001CDE2D /* ViewController.swift */ = {isa = PBXFileReference; lastKnownFileType = sourcecode.swift; path = ViewController.swift; sourceTree = "<group>"; };
		7AD83A5528F46B3D001CDE2D /* Base */ = {isa = PBXFileReference; lastKnownFileType = file.storyboard; name = Base; path = Base.lproj/Main.storyboard; sourceTree = "<group>"; };
		7AD83A5728F46B3F001CDE2D /* Assets.xcassets */ = {isa = PBXFileReference; lastKnownFileType = folder.assetcatalog; path = Assets.xcassets; sourceTree = "<group>"; };
		7AD83A5A28F46B3F001CDE2D /* Base */ = {isa = PBXFileReference; lastKnownFileType = file.storyboard; name = Base; path = Base.lproj/LaunchScreen.storyboard; sourceTree = "<group>"; };
		7AD83A5C28F46B3F001CDE2D /* Info.plist */ = {isa = PBXFileReference; lastKnownFileType = text.plist.xml; path = Info.plist; sourceTree = "<group>"; };
		7AD83A6228F4718D001CDE2D /* Playlist.swift */ = {isa = PBXFileReference; lastKnownFileType = sourcecode.swift; path = Playlist.swift; sourceTree = "<group>"; };
		7AD83A6428F471B9001CDE2D /* Albums.swift */ = {isa = PBXFileReference; lastKnownFileType = sourcecode.swift; path = Albums.swift; sourceTree = "<group>"; };
		7AD83A6928F472D1001CDE2D /* PlaylistCollectionViewCell.swift */ = {isa = PBXFileReference; lastKnownFileType = sourcecode.swift; path = PlaylistCollectionViewCell.swift; sourceTree = "<group>"; };
		7AD83A6A28F472D1001CDE2D /* PlaylistCollectionViewCell.xib */ = {isa = PBXFileReference; lastKnownFileType = file.xib; path = PlaylistCollectionViewCell.xib; sourceTree = "<group>"; };
		7AD83A6D28F472F5001CDE2D /* AlbumsCollectionViewCell.swift */ = {isa = PBXFileReference; lastKnownFileType = sourcecode.swift; path = AlbumsCollectionViewCell.swift; sourceTree = "<group>"; };
		7AD83A6E28F472F5001CDE2D /* AlbumsCollectionViewCell.xib */ = {isa = PBXFileReference; lastKnownFileType = file.xib; path = AlbumsCollectionViewCell.xib; sourceTree = "<group>"; };
		7AD83A7528F473AD001CDE2D /* SectionTitle.swift */ = {isa = PBXFileReference; lastKnownFileType = sourcecode.swift; path = SectionTitle.swift; sourceTree = "<group>"; };
		7AD83A7628F473AD001CDE2D /* SectionTitle.xib */ = {isa = PBXFileReference; lastKnownFileType = file.xib; path = SectionTitle.xib; sourceTree = "<group>"; };
/* End PBXFileReference section */

/* Begin PBXFrameworksBuildPhase section */
		7AD83A4828F46B3D001CDE2D /* Frameworks */ = {
			isa = PBXFrameworksBuildPhase;
			buildActionMask = 2147483647;
			files = (
			);
			runOnlyForDeploymentPostprocessing = 0;
		};
/* End PBXFrameworksBuildPhase section */

/* Begin PBXGroup section */
		7AC564D028F70C00005A101C /* View */ = {
			isa = PBXGroup;
			children = (
				7AD83A5228F46B3D001CDE2D /* ViewController.swift */,
			);
			path = View;
			sourceTree = "<group>";
		};
		7AD83A4228F46B3D001CDE2D = {
			isa = PBXGroup;
			children = (
				7AD83A4D28F46B3D001CDE2D /* SpotifyMainPage */,
				7AD83A4C28F46B3D001CDE2D /* Products */,
			);
			sourceTree = "<group>";
		};
		7AD83A4C28F46B3D001CDE2D /* Products */ = {
			isa = PBXGroup;
			children = (
				7AD83A4B28F46B3D001CDE2D /* SpotifyMainPage.app */,
			);
			name = Products;
			sourceTree = "<group>";
		};
		7AD83A4D28F46B3D001CDE2D /* SpotifyMainPage */ = {
			isa = PBXGroup;
			children = (
				7AC564D028F70C00005A101C /* View */,
				7AD83A6828F47253001CDE2D /* SectionTitle */,
				7AD83A6728F4723E001CDE2D /* AlbumsCollectionViewCell */,
				7AD83A6628F4721C001CDE2D /* PlaylistCollectionViewCell */,
				7AD83A4E28F46B3D001CDE2D /* AppDelegate.swift */,
				7AD83A5028F46B3D001CDE2D /* SceneDelegate.swift */,
				7AD83A6228F4718D001CDE2D /* Playlist.swift */,
				7AD83A6428F471B9001CDE2D /* Albums.swift */,
				7AD83A5428F46B3D001CDE2D /* Main.storyboard */,
				7AD83A5728F46B3F001CDE2D /* Assets.xcassets */,
				7AD83A5928F46B3F001CDE2D /* LaunchScreen.storyboard */,
				7AD83A5C28F46B3F001CDE2D /* Info.plist */,
			);
			path = SpotifyMainPage;
			sourceTree = "<group>";
		};
		7AD83A6628F4721C001CDE2D /* PlaylistCollectionViewCell */ = {
			isa = PBXGroup;
			children = (
				7AD83A6928F472D1001CDE2D /* PlaylistCollectionViewCell.swift */,
				7AD83A6A28F472D1001CDE2D /* PlaylistCollectionViewCell.xib */,
			);
			path = PlaylistCollectionViewCell;
			sourceTree = "<group>";
		};
		7AD83A6728F4723E001CDE2D /* AlbumsCollectionViewCell */ = {
			isa = PBXGroup;
			children = (
				7AD83A6D28F472F5001CDE2D /* AlbumsCollectionViewCell.swift */,
				7AD83A6E28F472F5001CDE2D /* AlbumsCollectionViewCell.xib */,
			);
			path = AlbumsCollectionViewCell;
			sourceTree = "<group>";
		};
		7AD83A6828F47253001CDE2D /* SectionTitle */ = {
			isa = PBXGroup;
			children = (
				7AD83A7528F473AD001CDE2D /* SectionTitle.swift */,
				7AD83A7628F473AD001CDE2D /* SectionTitle.xib */,
			);
			path = SectionTitle;
			sourceTree = "<group>";
		};
/* End PBXGroup section */

/* Begin PBXNativeTarget section */
		7AD83A4A28F46B3D001CDE2D /* SpotifyMainPage */ = {
			isa = PBXNativeTarget;
			buildConfigurationList = 7AD83A5F28F46B3F001CDE2D /* Build configuration list for PBXNativeTarget "SpotifyMainPage" */;
			buildPhases = (
				7AD83A4728F46B3D001CDE2D /* Sources */,
				7AD83A4828F46B3D001CDE2D /* Frameworks */,
				7AD83A4928F46B3D001CDE2D /* Resources */,
			);
			buildRules = (
			);
			dependencies = (
			);
			name = SpotifyMainPage;
			productName = SpotifyMainPage;
			productReference = 7AD83A4B28F46B3D001CDE2D /* SpotifyMainPage.app */;
			productType = "com.apple.product-type.application";
		};
/* End PBXNativeTarget section */

/* Begin PBXProject section */
		7AD83A4328F46B3D001CDE2D /* Project object */ = {
			isa = PBXProject;
			attributes = {
				BuildIndependentTargetsInParallel = 1;
				LastSwiftUpdateCheck = 1400;
				LastUpgradeCheck = 1400;
				TargetAttributes = {
					7AD83A4A28F46B3D001CDE2D = {
						CreatedOnToolsVersion = 14.0.1;
					};
				};
			};
			buildConfigurationList = 7AD83A4628F46B3D001CDE2D /* Build configuration list for PBXProject "SpotifyMainPage" */;
			compatibilityVersion = "Xcode 14.0";
			developmentRegion = en;
			hasScannedForEncodings = 0;
			knownRegions = (
				en,
				Base,
			);
			mainGroup = 7AD83A4228F46B3D001CDE2D;
			productRefGroup = 7AD83A4C28F46B3D001CDE2D /* Products */;
			projectDirPath = "";
			projectRoot = "";
			targets = (
				7AD83A4A28F46B3D001CDE2D /* SpotifyMainPage */,
			);
		};
/* End PBXProject section */

/* Begin PBXResourcesBuildPhase section */
		7AD83A4928F46B3D001CDE2D /* Resources */ = {
			isa = PBXResourcesBuildPhase;
			buildActionMask = 2147483647;
			files = (
				7AD83A7828F473AD001CDE2D /* SectionTitle.xib in Resources */,
				7AD83A6C28F472D1001CDE2D /* PlaylistCollectionViewCell.xib in Resources */,
				7AD83A5B28F46B3F001CDE2D /* LaunchScreen.storyboard in Resources */,
				7AD83A5828F46B3F001CDE2D /* Assets.xcassets in Resources */,
				7AD83A7028F472F5001CDE2D /* AlbumsCollectionViewCell.xib in Resources */,
				7AD83A5628F46B3D001CDE2D /* Main.storyboard in Resources */,
			);
			runOnlyForDeploymentPostprocessing = 0;
		};
/* End PBXResourcesBuildPhase section */

/* Begin PBXSourcesBuildPhase section */
		7AD83A4728F46B3D001CDE2D /* Sources */ = {
			isa = PBXSourcesBuildPhase;
			buildActionMask = 2147483647;
			files = (
				7AD83A6528F471B9001CDE2D /* Albums.swift in Sources */,
				7AD83A5328F46B3D001CDE2D /* ViewController.swift in Sources */,
				7AD83A4F28F46B3D001CDE2D /* AppDelegate.swift in Sources */,
				7AD83A5128F46B3D001CDE2D /* SceneDelegate.swift in Sources */,
				7AD83A7728F473AD001CDE2D /* SectionTitle.swift in Sources */,
				7AD83A6B28F472D1001CDE2D /* PlaylistCollectionViewCell.swift in Sources */,
				7AD83A6328F4718D001CDE2D /* Playlist.swift in Sources */,
				7AD83A6F28F472F5001CDE2D /* AlbumsCollectionViewCell.swift in Sources */,
			);
			runOnlyForDeploymentPostprocessing = 0;
		};
/* End PBXSourcesBuildPhase section */

/* Begin PBXVariantGroup section */
		7AD83A5428F46B3D001CDE2D /* Main.storyboard */ = {
			isa = PBXVariantGroup;
			children = (
				7AD83A5528F46B3D001CDE2D /* Base */,
			);
			name = Main.storyboard;
			sourceTree = "<group>";
		};
		7AD83A5928F46B3F001CDE2D /* LaunchScreen.storyboard */ = {
			isa = PBXVariantGroup;
			children = (
				7AD83A5A28F46B3F001CDE2D /* Base */,
			);
			name = LaunchScreen.storyboard;
			sourceTree = "<group>";
		};
/* End PBXVariantGroup section */

/* Begin XCBuildConfiguration section */
		7AD83A5D28F46B3F001CDE2D /* Debug */ = {
			isa = XCBuildConfiguration;
			buildSettings = {
				ALWAYS_SEARCH_USER_PATHS = NO;
				CLANG_ANALYZER_NONNULL = YES;
				CLANG_ANALYZER_NUMBER_OBJECT_CONVERSION = YES_AGGRESSIVE;
				CLANG_CXX_LANGUAGE_STANDARD = "gnu++20";
				CLANG_ENABLE_MODULES = YES;
				CLANG_ENABLE_OBJC_ARC = YES;
				CLANG_ENABLE_OBJC_WEAK = YES;
				CLANG_WARN_BLOCK_CAPTURE_AUTORELEASING = YES;
				CLANG_WARN_BOOL_CONVERSION = YES;
				CLANG_WARN_COMMA = YES;
				CLANG_WARN_CONSTANT_CONVERSION = YES;
				CLANG_WARN_DEPRECATED_OBJC_IMPLEMENTATIONS = YES;
				CLANG_WARN_DIRECT_OBJC_ISA_USAGE = YES_ERROR;
				CLANG_WARN_DOCUMENTATION_COMMENTS = YES;
				CLANG_WARN_EMPTY_BODY = YES;
				CLANG_WARN_ENUM_CONVERSION = YES;
				CLANG_WARN_INFINITE_RECURSION = YES;
				CLANG_WARN_INT_CONVERSION = YES;
				CLANG_WARN_NON_LITERAL_NULL_CONVERSION = YES;
				CLANG_WARN_OBJC_IMPLICIT_RETAIN_SELF = YES;
				CLANG_WARN_OBJC_LITERAL_CONVERSION = YES;
				CLANG_WARN_OBJC_ROOT_CLASS = YES_ERROR;
				CLANG_WARN_QUOTED_INCLUDE_IN_FRAMEWORK_HEADER = YES;
				CLANG_WARN_RANGE_LOOP_ANALYSIS = YES;
				CLANG_WARN_STRICT_PROTOTYPES = YES;
				CLANG_WARN_SUSPICIOUS_MOVE = YES;
				CLANG_WARN_UNGUARDED_AVAILABILITY = YES_AGGRESSIVE;
				CLANG_WARN_UNREACHABLE_CODE = YES;
				CLANG_WARN__DUPLICATE_METHOD_MATCH = YES;
				COPY_PHASE_STRIP = NO;
				DEBUG_INFORMATION_FORMAT = dwarf;
				ENABLE_STRICT_OBJC_MSGSEND = YES;
				ENABLE_TESTABILITY = YES;
				GCC_C_LANGUAGE_STANDARD = gnu11;
				GCC_DYNAMIC_NO_PIC = NO;
				GCC_NO_COMMON_BLOCKS = YES;
				GCC_OPTIMIZATION_LEVEL = 0;
				GCC_PREPROCESSOR_DEFINITIONS = (
					"DEBUG=1",
					"$(inherited)",
				);
				GCC_WARN_64_TO_32_BIT_CONVERSION = YES;
				GCC_WARN_ABOUT_RETURN_TYPE = YES_ERROR;
				GCC_WARN_UNDECLARED_SELECTOR = YES;
				GCC_WARN_UNINITIALIZED_AUTOS = YES_AGGRESSIVE;
				GCC_WARN_UNUSED_FUNCTION = YES;
				GCC_WARN_UNUSED_VARIABLE = YES;
				IPHONEOS_DEPLOYMENT_TARGET = 16.0;
				MTL_ENABLE_DEBUG_INFO = INCLUDE_SOURCE;
				MTL_FAST_MATH = YES;
				ONLY_ACTIVE_ARCH = YES;
				SDKROOT = iphoneos;
				SWIFT_ACTIVE_COMPILATION_CONDITIONS = DEBUG;
				SWIFT_OPTIMIZATION_LEVEL = "-Onone";
			};
			name = Debug;
		};
		7AD83A5E28F46B3F001CDE2D /* Release */ = {
			isa = XCBuildConfiguration;
			buildSettings = {
				ALWAYS_SEARCH_USER_PATHS = NO;
				CLANG_ANALYZER_NONNULL = YES;
				CLANG_ANALYZER_NUMBER_OBJECT_CONVERSION = YES_AGGRESSIVE;
				CLANG_CXX_LANGUAGE_STANDARD = "gnu++20";
				CLANG_ENABLE_MODULES = YES;
				CLANG_ENABLE_OBJC_ARC = YES;
				CLANG_ENABLE_OBJC_WEAK = YES;
				CLANG_WARN_BLOCK_CAPTURE_AUTORELEASING = YES;
				CLANG_WARN_BOOL_CONVERSION = YES;
				CLANG_WARN_COMMA = YES;
				CLANG_WARN_CONSTANT_CONVERSION = YES;
				CLANG_WARN_DEPRECATED_OBJC_IMPLEMENTATIONS = YES;
				CLANG_WARN_DIRECT_OBJC_ISA_USAGE = YES_ERROR;
				CLANG_WARN_DOCUMENTATION_COMMENTS = YES;
				CLANG_WARN_EMPTY_BODY = YES;
				CLANG_WARN_ENUM_CONVERSION = YES;
				CLANG_WARN_INFINITE_RECURSION = YES;
				CLANG_WARN_INT_CONVERSION = YES;
				CLANG_WARN_NON_LITERAL_NULL_CONVERSION = YES;
				CLANG_WARN_OBJC_IMPLICIT_RETAIN_SELF = YES;
				CLANG_WARN_OBJC_LITERAL_CONVERSION = YES;
				CLANG_WARN_OBJC_ROOT_CLASS = YES_ERROR;
				CLANG_WARN_QUOTED_INCLUDE_IN_FRAMEWORK_HEADER = YES;
				CLANG_WARN_RANGE_LOOP_ANALYSIS = YES;
				CLANG_WARN_STRICT_PROTOTYPES = YES;
				CLANG_WARN_SUSPICIOUS_MOVE = YES;
				CLANG_WARN_UNGUARDED_AVAILABILITY = YES_AGGRESSIVE;
				CLANG_WARN_UNREACHABLE_CODE = YES;
				CLANG_WARN__DUPLICATE_METHOD_MATCH = YES;
				COPY_PHASE_STRIP = NO;
				DEBUG_INFORMATION_FORMAT = "dwarf-with-dsym";
				ENABLE_NS_ASSERTIONS = NO;
				ENABLE_STRICT_OBJC_MSGSEND = YES;
				GCC_C_LANGUAGE_STANDARD = gnu11;
				GCC_NO_COMMON_BLOCKS = YES;
				GCC_WARN_64_TO_32_BIT_CONVERSION = YES;
				GCC_WARN_ABOUT_RETURN_TYPE = YES_ERROR;
				GCC_WARN_UNDECLARED_SELECTOR = YES;
				GCC_WARN_UNINITIALIZED_AUTOS = YES_AGGRESSIVE;
				GCC_WARN_UNUSED_FUNCTION = YES;
				GCC_WARN_UNUSED_VARIABLE = YES;
				IPHONEOS_DEPLOYMENT_TARGET = 16.0;
				MTL_ENABLE_DEBUG_INFO = NO;
				MTL_FAST_MATH = YES;
				SDKROOT = iphoneos;
				SWIFT_COMPILATION_MODE = wholemodule;
				SWIFT_OPTIMIZATION_LEVEL = "-O";
				VALIDATE_PRODUCT = YES;
			};
			name = Release;
		};
		7AD83A6028F46B3F001CDE2D /* Debug */ = {
			isa = XCBuildConfiguration;
			buildSettings = {
				ASSETCATALOG_COMPILER_APPICON_NAME = AppIcon;
				ASSETCATALOG_COMPILER_GLOBAL_ACCENT_COLOR_NAME = AccentColor;
				CODE_SIGN_STYLE = Automatic;
				CURRENT_PROJECT_VERSION = 1;
				DEVELOPMENT_TEAM = 7LZM842DGK;
				GENERATE_INFOPLIST_FILE = YES;
				INFOPLIST_FILE = SpotifyMainPage/Info.plist;
				INFOPLIST_KEY_UIApplicationSupportsIndirectInputEvents = YES;
				INFOPLIST_KEY_UILaunchStoryboardName = LaunchScreen;
				INFOPLIST_KEY_UIMainStoryboardFile = Main;
				INFOPLIST_KEY_UISupportedInterfaceOrientations_iPad = "UIInterfaceOrientationPortrait UIInterfaceOrientationPortraitUpsideDown UIInterfaceOrientationLandscapeLeft UIInterfaceOrientationLandscapeRight";
				INFOPLIST_KEY_UISupportedInterfaceOrientations_iPhone = "UIInterfaceOrientationPortrait UIInterfaceOrientationLandscapeLeft UIInterfaceOrientationLandscapeRight";
				LD_RUNPATH_SEARCH_PATHS = (
					"$(inherited)",
					"@executable_path/Frameworks",
				);
				MARKETING_VERSION = 1.0;
				PRODUCT_BUNDLE_IDENTIFIER = com.ahsenbahtisen.SpotifyMainPage;
				PRODUCT_NAME = "$(TARGET_NAME)";
				SWIFT_EMIT_LOC_STRINGS = YES;
				SWIFT_VERSION = 5.0;
				TARGETED_DEVICE_FAMILY = "1,2";
			};
			name = Debug;
		};
		7AD83A6128F46B3F001CDE2D /* Release */ = {
			isa = XCBuildConfiguration;
			buildSettings = {
				ASSETCATALOG_COMPILER_APPICON_NAME = AppIcon;
				ASSETCATALOG_COMPILER_GLOBAL_ACCENT_COLOR_NAME = AccentColor;
				CODE_SIGN_STYLE = Automatic;
				CURRENT_PROJECT_VERSION = 1;
				DEVELOPMENT_TEAM = 7LZM842DGK;
				GENERATE_INFOPLIST_FILE = YES;
				INFOPLIST_FILE = SpotifyMainPage/Info.plist;
				INFOPLIST_KEY_UIApplicationSupportsIndirectInputEvents = YES;
				INFOPLIST_KEY_UILaunchStoryboardName = LaunchScreen;
				INFOPLIST_KEY_UIMainStoryboardFile = Main;
				INFOPLIST_KEY_UISupportedInterfaceOrientations_iPad = "UIInterfaceOrientationPortrait UIInterfaceOrientationPortraitUpsideDown UIInterfaceOrientationLandscapeLeft UIInterfaceOrientationLandscapeRight";
				INFOPLIST_KEY_UISupportedInterfaceOrientations_iPhone = "UIInterfaceOrientationPortrait UIInterfaceOrientationLandscapeLeft UIInterfaceOrientationLandscapeRight";
				LD_RUNPATH_SEARCH_PATHS = (
					"$(inherited)",
					"@executable_path/Frameworks",
				);
				MARKETING_VERSION = 1.0;
				PRODUCT_BUNDLE_IDENTIFIER = com.ahsenbahtisen.SpotifyMainPage;
				PRODUCT_NAME = "$(TARGET_NAME)";
				SWIFT_EMIT_LOC_STRINGS = YES;
				SWIFT_VERSION = 5.0;
				TARGETED_DEVICE_FAMILY = "1,2";
			};
			name = Release;
		};
/* End XCBuildConfiguration section */

/* Begin XCConfigurationList section */
		7AD83A4628F46B3D001CDE2D /* Build configuration list for PBXProject "SpotifyMainPage" */ = {
			isa = XCConfigurationList;
			buildConfigurations = (
				7AD83A5D28F46B3F001CDE2D /* Debug */,
				7AD83A5E28F46B3F001CDE2D /* Release */,
			);
			defaultConfigurationIsVisible = 0;
			defaultConfigurationName = Release;
		};
		7AD83A5F28F46B3F001CDE2D /* Build configuration list for PBXNativeTarget "SpotifyMainPage" */ = {
			isa = XCConfigurationList;
			buildConfigurations = (
				7AD83A6028F46B3F001CDE2D /* Debug */,
				7AD83A6128F46B3F001CDE2D /* Release */,
			);
			defaultConfigurationIsVisible = 0;
			defaultConfigurationName = Release;
		};
/* End XCConfigurationList section */
	};
	rootObject = 7AD83A4328F46B3D001CDE2D /* Project object */;
}
